// !$*UTF8*$!
{
	archiveVersion = 1;
	classes = {
	};
	objectVersion = 46;
	objects = {

/* Begin PBXBuildFile section */
		509BB4271E3A8EAC001FC417 /* Reflection.h in Headers */ = {isa = PBXBuildFile; fileRef = 509BB4251E3A8EAC001FC417 /* Reflection.h */; settings = {ATTRIBUTES = (Public, ); }; };
		509BB44D1E3A8EF4001FC417 /* Advance.swift in Sources */ = {isa = PBXBuildFile; fileRef = 509BB42F1E3A8EF4001FC417 /* Advance.swift */; };
		509BB44E1E3A8EF4001FC417 /* Any+Extensions.swift in Sources */ = {isa = PBXBuildFile; fileRef = 509BB4301E3A8EF4001FC417 /* Any+Extensions.swift */; };
		509BB44F1E3A8EF4001FC417 /* Array+Extensions.swift in Sources */ = {isa = PBXBuildFile; fileRef = 509BB4311E3A8EF4001FC417 /* Array+Extensions.swift */; };
		509BB4501E3A8EF4001FC417 /* Construct.swift in Sources */ = {isa = PBXBuildFile; fileRef = 509BB4321E3A8EF4001FC417 /* Construct.swift */; };
		509BB4511E3A8EF4001FC417 /* Get.swift in Sources */ = {isa = PBXBuildFile; fileRef = 509BB4331E3A8EF4001FC417 /* Get.swift */; };
		509BB4521E3A8EF4001FC417 /* Identity.swift in Sources */ = {isa = PBXBuildFile; fileRef = 509BB4341E3A8EF4001FC417 /* Identity.swift */; };
		509BB4531E3A8EF4001FC417 /* MemoryProperties.swift in Sources */ = {isa = PBXBuildFile; fileRef = 509BB4351E3A8EF4001FC417 /* MemoryProperties.swift */; };
		509BB4541E3A8EF4001FC417 /* Metadata+Class.swift in Sources */ = {isa = PBXBuildFile; fileRef = 509BB4361E3A8EF4001FC417 /* Metadata+Class.swift */; };
		509BB4551E3A8EF4001FC417 /* Metadata+Kind.swift in Sources */ = {isa = PBXBuildFile; fileRef = 509BB4371E3A8EF4001FC417 /* Metadata+Kind.swift */; };
		509BB4561E3A8EF4001FC417 /* Metadata+Struct.swift in Sources */ = {isa = PBXBuildFile; fileRef = 509BB4381E3A8EF4001FC417 /* Metadata+Struct.swift */; };
		509BB4571E3A8EF4001FC417 /* Metadata+Tuple.swift in Sources */ = {isa = PBXBuildFile; fileRef = 509BB4391E3A8EF4001FC417 /* Metadata+Tuple.swift */; };
		509BB4581E3A8EF4001FC417 /* Metadata.swift in Sources */ = {isa = PBXBuildFile; fileRef = 509BB43A1E3A8EF4001FC417 /* Metadata.swift */; };
		509BB4591E3A8EF4001FC417 /* MetadataType.swift in Sources */ = {isa = PBXBuildFile; fileRef = 509BB43B1E3A8EF4001FC417 /* MetadataType.swift */; };
		509BB45A1E3A8EF4001FC417 /* NominalType.swift in Sources */ = {isa = PBXBuildFile; fileRef = 509BB43C1E3A8EF4001FC417 /* NominalType.swift */; };
		509BB45B1E3A8EF4001FC417 /* NominalTypeDescriptor.swift in Sources */ = {isa = PBXBuildFile; fileRef = 509BB43D1E3A8EF4001FC417 /* NominalTypeDescriptor.swift */; };
		509BB45C1E3A8EF4001FC417 /* PointerType.swift in Sources */ = {isa = PBXBuildFile; fileRef = 509BB43E1E3A8EF4001FC417 /* PointerType.swift */; };
		509BB45D1E3A8EF4001FC417 /* Properties.swift in Sources */ = {isa = PBXBuildFile; fileRef = 509BB43F1E3A8EF4001FC417 /* Properties.swift */; };
		509BB45E1E3A8EF4001FC417 /* ReflectionError.swift in Sources */ = {isa = PBXBuildFile; fileRef = 509BB4401E3A8EF4001FC417 /* ReflectionError.swift */; };
		509BB45F1E3A8EF4001FC417 /* RelativePointer.swift in Sources */ = {isa = PBXBuildFile; fileRef = 509BB4411E3A8EF4001FC417 /* RelativePointer.swift */; };
		509BB4601E3A8EF4001FC417 /* Set.swift in Sources */ = {isa = PBXBuildFile; fileRef = 509BB4421E3A8EF4001FC417 /* Set.swift */; };
		509BB4611E3A8EF4001FC417 /* Storage.swift in Sources */ = {isa = PBXBuildFile; fileRef = 509BB4431E3A8EF4001FC417 /* Storage.swift */; };
		509BB4621E3A8EF4001FC417 /* UnsafePointer+Extensions.swift in Sources */ = {isa = PBXBuildFile; fileRef = 509BB4441E3A8EF4001FC417 /* UnsafePointer+Extensions.swift */; };
		509BB4631E3A8EF4001FC417 /* ValueWitnessTable.swift in Sources */ = {isa = PBXBuildFile; fileRef = 509BB4451E3A8EF4001FC417 /* ValueWitnessTable.swift */; };
		509BB4641E3A8EF4001FC417 /* LinuxMain.swift in Sources */ = {isa = PBXBuildFile; fileRef = 509BB4471E3A8EF4001FC417 /* LinuxMain.swift */; };
		509BB4651E3A8EF4001FC417 /* InternalTests.swift in Sources */ = {isa = PBXBuildFile; fileRef = 509BB4491E3A8EF4001FC417 /* InternalTests.swift */; };
		509BB4661E3A8EF4001FC417 /* MappableTests.swift in Sources */ = {isa = PBXBuildFile; fileRef = 509BB44A1E3A8EF4001FC417 /* MappableTests.swift */; };
		509BB4671E3A8EF4001FC417 /* PerformanceTests.swift in Sources */ = {isa = PBXBuildFile; fileRef = 509BB44B1E3A8EF4001FC417 /* PerformanceTests.swift */; };
		509BB4681E3A8EF4001FC417 /* PublicTests.swift in Sources */ = {isa = PBXBuildFile; fileRef = 509BB44C1E3A8EF4001FC417 /* PublicTests.swift */; };
/* End PBXBuildFile section */

/* Begin PBXFileReference section */
		509BB4221E3A8EAC001FC417 /* Reflection.framework */ = {isa = PBXFileReference; explicitFileType = wrapper.framework; includeInIndex = 0; path = Reflection.framework; sourceTree = BUILT_PRODUCTS_DIR; };
		509BB4251E3A8EAC001FC417 /* Reflection.h */ = {isa = PBXFileReference; lastKnownFileType = sourcecode.c.h; path = Reflection.h; sourceTree = "<group>"; };
		509BB4261E3A8EAC001FC417 /* Info.plist */ = {isa = PBXFileReference; lastKnownFileType = text.plist.xml; path = Info.plist; sourceTree = "<group>"; };
		509BB42F1E3A8EF4001FC417 /* Advance.swift */ = {isa = PBXFileReference; fileEncoding = 4; lastKnownFileType = sourcecode.swift; path = Advance.swift; sourceTree = "<group>"; };
		509BB4301E3A8EF4001FC417 /* Any+Extensions.swift */ = {isa = PBXFileReference; fileEncoding = 4; lastKnownFileType = sourcecode.swift; path = "Any+Extensions.swift"; sourceTree = "<group>"; };
		509BB4311E3A8EF4001FC417 /* Array+Extensions.swift */ = {isa = PBXFileReference; fileEncoding = 4; lastKnownFileType = sourcecode.swift; path = "Array+Extensions.swift"; sourceTree = "<group>"; };
		509BB4321E3A8EF4001FC417 /* Construct.swift */ = {isa = PBXFileReference; fileEncoding = 4; lastKnownFileType = sourcecode.swift; path = Construct.swift; sourceTree = "<group>"; };
		509BB4331E3A8EF4001FC417 /* Get.swift */ = {isa = PBXFileReference; fileEncoding = 4; lastKnownFileType = sourcecode.swift; path = Get.swift; sourceTree = "<group>"; };
		509BB4341E3A8EF4001FC417 /* Identity.swift */ = {isa = PBXFileReference; fileEncoding = 4; lastKnownFileType = sourcecode.swift; path = Identity.swift; sourceTree = "<group>"; };
		509BB4351E3A8EF4001FC417 /* MemoryProperties.swift */ = {isa = PBXFileReference; fileEncoding = 4; lastKnownFileType = sourcecode.swift; path = MemoryProperties.swift; sourceTree = "<group>"; };
		509BB4361E3A8EF4001FC417 /* Metadata+Class.swift */ = {isa = PBXFileReference; fileEncoding = 4; lastKnownFileType = sourcecode.swift; path = "Metadata+Class.swift"; sourceTree = "<group>"; };
		509BB4371E3A8EF4001FC417 /* Metadata+Kind.swift */ = {isa = PBXFileReference; fileEncoding = 4; lastKnownFileType = sourcecode.swift; path = "Metadata+Kind.swift"; sourceTree = "<group>"; };
		509BB4381E3A8EF4001FC417 /* Metadata+Struct.swift */ = {isa = PBXFileReference; fileEncoding = 4; lastKnownFileType = sourcecode.swift; path = "Metadata+Struct.swift"; sourceTree = "<group>"; };
		509BB4391E3A8EF4001FC417 /* Metadata+Tuple.swift */ = {isa = PBXFileReference; fileEncoding = 4; lastKnownFileType = sourcecode.swift; path = "Metadata+Tuple.swift"; sourceTree = "<group>"; };
		509BB43A1E3A8EF4001FC417 /* Metadata.swift */ = {isa = PBXFileReference; fileEncoding = 4; lastKnownFileType = sourcecode.swift; path = Metadata.swift; sourceTree = "<group>"; };
		509BB43B1E3A8EF4001FC417 /* MetadataType.swift */ = {isa = PBXFileReference; fileEncoding = 4; lastKnownFileType = sourcecode.swift; path = MetadataType.swift; sourceTree = "<group>"; };
		509BB43C1E3A8EF4001FC417 /* NominalType.swift */ = {isa = PBXFileReference; fileEncoding = 4; lastKnownFileType = sourcecode.swift; path = NominalType.swift; sourceTree = "<group>"; };
		509BB43D1E3A8EF4001FC417 /* NominalTypeDescriptor.swift */ = {isa = PBXFileReference; fileEncoding = 4; lastKnownFileType = sourcecode.swift; path = NominalTypeDescriptor.swift; sourceTree = "<group>"; };
		509BB43E1E3A8EF4001FC417 /* PointerType.swift */ = {isa = PBXFileReference; fileEncoding = 4; lastKnownFileType = sourcecode.swift; path = PointerType.swift; sourceTree = "<group>"; };
		509BB43F1E3A8EF4001FC417 /* Properties.swift */ = {isa = PBXFileReference; fileEncoding = 4; lastKnownFileType = sourcecode.swift; path = Properties.swift; sourceTree = "<group>"; };
		509BB4401E3A8EF4001FC417 /* ReflectionError.swift */ = {isa = PBXFileReference; fileEncoding = 4; lastKnownFileType = sourcecode.swift; path = ReflectionError.swift; sourceTree = "<group>"; };
		509BB4411E3A8EF4001FC417 /* RelativePointer.swift */ = {isa = PBXFileReference; fileEncoding = 4; lastKnownFileType = sourcecode.swift; path = RelativePointer.swift; sourceTree = "<group>"; };
		509BB4421E3A8EF4001FC417 /* Set.swift */ = {isa = PBXFileReference; fileEncoding = 4; lastKnownFileType = sourcecode.swift; path = Set.swift; sourceTree = "<group>"; };
		509BB4431E3A8EF4001FC417 /* Storage.swift */ = {isa = PBXFileReference; fileEncoding = 4; lastKnownFileType = sourcecode.swift; path = Storage.swift; sourceTree = "<group>"; };
		509BB4441E3A8EF4001FC417 /* UnsafePointer+Extensions.swift */ = {isa = PBXFileReference; fileEncoding = 4; lastKnownFileType = sourcecode.swift; path = "UnsafePointer+Extensions.swift"; sourceTree = "<group>"; };
		509BB4451E3A8EF4001FC417 /* ValueWitnessTable.swift */ = {isa = PBXFileReference; fileEncoding = 4; lastKnownFileType = sourcecode.swift; path = ValueWitnessTable.swift; sourceTree = "<group>"; };
		509BB4471E3A8EF4001FC417 /* LinuxMain.swift */ = {isa = PBXFileReference; fileEncoding = 4; lastKnownFileType = sourcecode.swift; path = LinuxMain.swift; sourceTree = "<group>"; };
		509BB4491E3A8EF4001FC417 /* InternalTests.swift */ = {isa = PBXFileReference; fileEncoding = 4; lastKnownFileType = sourcecode.swift; path = InternalTests.swift; sourceTree = "<group>"; };
		509BB44A1E3A8EF4001FC417 /* MappableTests.swift */ = {isa = PBXFileReference; fileEncoding = 4; lastKnownFileType = sourcecode.swift; path = MappableTests.swift; sourceTree = "<group>"; };
		509BB44B1E3A8EF4001FC417 /* PerformanceTests.swift */ = {isa = PBXFileReference; fileEncoding = 4; lastKnownFileType = sourcecode.swift; path = PerformanceTests.swift; sourceTree = "<group>"; };
		509BB44C1E3A8EF4001FC417 /* PublicTests.swift */ = {isa = PBXFileReference; fileEncoding = 4; lastKnownFileType = sourcecode.swift; path = PublicTests.swift; sourceTree = "<group>"; };
/* End PBXFileReference section */

/* Begin PBXFrameworksBuildPhase section */
		509BB41E1E3A8EAC001FC417 /* Frameworks */ = {
			isa = PBXFrameworksBuildPhase;
			buildActionMask = 2147483647;
			files = (
			);
			runOnlyForDeploymentPostprocessing = 0;
		};
/* End PBXFrameworksBuildPhase section */

/* Begin PBXGroup section */
		509BB4181E3A8EAC001FC417 = {
			isa = PBXGroup;
			children = (
				509BB42D1E3A8EF4001FC417 /* Sources */,
				509BB4461E3A8EF4001FC417 /* Tests */,
				509BB4241E3A8EAC001FC417 /* Reflection */,
				509BB4231E3A8EAC001FC417 /* Products */,
			);
			sourceTree = "<group>";
		};
		509BB4231E3A8EAC001FC417 /* Products */ = {
			isa = PBXGroup;
			children = (
				509BB4221E3A8EAC001FC417 /* Reflection.framework */,
			);
			name = Products;
			sourceTree = "<group>";
		};
		509BB4241E3A8EAC001FC417 /* Reflection */ = {
			isa = PBXGroup;
			children = (
				509BB4251E3A8EAC001FC417 /* Reflection.h */,
				509BB4261E3A8EAC001FC417 /* Info.plist */,
			);
			path = Reflection;
			sourceTree = "<group>";
		};
		509BB42D1E3A8EF4001FC417 /* Sources */ = {
			isa = PBXGroup;
			children = (
				509BB42E1E3A8EF4001FC417 /* Reflection */,
			);
			name = Sources;
			path = ../Carthage/Checkouts/reflection/Sources;
			sourceTree = "<group>";
		};
		509BB42E1E3A8EF4001FC417 /* Reflection */ = {
			isa = PBXGroup;
			children = (
				509BB42F1E3A8EF4001FC417 /* Advance.swift */,
				509BB4301E3A8EF4001FC417 /* Any+Extensions.swift */,
				509BB4311E3A8EF4001FC417 /* Array+Extensions.swift */,
				509BB4321E3A8EF4001FC417 /* Construct.swift */,
				509BB4331E3A8EF4001FC417 /* Get.swift */,
				509BB4341E3A8EF4001FC417 /* Identity.swift */,
				509BB4351E3A8EF4001FC417 /* MemoryProperties.swift */,
				509BB4361E3A8EF4001FC417 /* Metadata+Class.swift */,
				509BB4371E3A8EF4001FC417 /* Metadata+Kind.swift */,
				509BB4381E3A8EF4001FC417 /* Metadata+Struct.swift */,
				509BB4391E3A8EF4001FC417 /* Metadata+Tuple.swift */,
				509BB43A1E3A8EF4001FC417 /* Metadata.swift */,
				509BB43B1E3A8EF4001FC417 /* MetadataType.swift */,
				509BB43C1E3A8EF4001FC417 /* NominalType.swift */,
				509BB43D1E3A8EF4001FC417 /* NominalTypeDescriptor.swift */,
				509BB43E1E3A8EF4001FC417 /* PointerType.swift */,
				509BB43F1E3A8EF4001FC417 /* Properties.swift */,
				509BB4401E3A8EF4001FC417 /* ReflectionError.swift */,
				509BB4411E3A8EF4001FC417 /* RelativePointer.swift */,
				509BB4421E3A8EF4001FC417 /* Set.swift */,
				509BB4431E3A8EF4001FC417 /* Storage.swift */,
				509BB4441E3A8EF4001FC417 /* UnsafePointer+Extensions.swift */,
				509BB4451E3A8EF4001FC417 /* ValueWitnessTable.swift */,
			);
			path = Reflection;
			sourceTree = "<group>";
		};
		509BB4461E3A8EF4001FC417 /* Tests */ = {
			isa = PBXGroup;
			children = (
				509BB4471E3A8EF4001FC417 /* LinuxMain.swift */,
				509BB4481E3A8EF4001FC417 /* ReflectionTests */,
			);
			name = Tests;
			path = ../Carthage/Checkouts/reflection/Tests;
			sourceTree = "<group>";
		};
		509BB4481E3A8EF4001FC417 /* ReflectionTests */ = {
			isa = PBXGroup;
			children = (
				509BB4491E3A8EF4001FC417 /* InternalTests.swift */,
				509BB44A1E3A8EF4001FC417 /* MappableTests.swift */,
				509BB44B1E3A8EF4001FC417 /* PerformanceTests.swift */,
				509BB44C1E3A8EF4001FC417 /* PublicTests.swift */,
			);
			path = ReflectionTests;
			sourceTree = "<group>";
		};
/* End PBXGroup section */

/* Begin PBXHeadersBuildPhase section */
		509BB41F1E3A8EAC001FC417 /* Headers */ = {
			isa = PBXHeadersBuildPhase;
			buildActionMask = 2147483647;
			files = (
				509BB4271E3A8EAC001FC417 /* Reflection.h in Headers */,
			);
			runOnlyForDeploymentPostprocessing = 0;
		};
/* End PBXHeadersBuildPhase section */

/* Begin PBXNativeTarget section */
		509BB4211E3A8EAC001FC417 /* Reflection */ = {
			isa = PBXNativeTarget;
			buildConfigurationList = 509BB42A1E3A8EAC001FC417 /* Build configuration list for PBXNativeTarget "Reflection" */;
			buildPhases = (
				509BB41D1E3A8EAC001FC417 /* Sources */,
				509BB41E1E3A8EAC001FC417 /* Frameworks */,
				509BB41F1E3A8EAC001FC417 /* Headers */,
				509BB4201E3A8EAC001FC417 /* Resources */,
			);
			buildRules = (
			);
			dependencies = (
			);
			name = Reflection;
			productName = Reflection;
			productReference = 509BB4221E3A8EAC001FC417 /* Reflection.framework */;
			productType = "com.apple.product-type.framework";
		};
/* End PBXNativeTarget section */

/* Begin PBXProject section */
		509BB4191E3A8EAC001FC417 /* Project object */ = {
			isa = PBXProject;
			attributes = {
				LastUpgradeCheck = 0820;
				TargetAttributes = {
					509BB4211E3A8EAC001FC417 = {
						CreatedOnToolsVersion = 8.2.1;
						DevelopmentTeam = 3YVY2RHHVQ;
						ProvisioningStyle = Automatic;
					};
				};
			};
			buildConfigurationList = 509BB41C1E3A8EAC001FC417 /* Build configuration list for PBXProject "Reflection" */;
			compatibilityVersion = "Xcode 3.2";
			developmentRegion = English;
			hasScannedForEncodings = 0;
			knownRegions = (
				en,
			);
			mainGroup = 509BB4181E3A8EAC001FC417;
			productRefGroup = 509BB4231E3A8EAC001FC417 /* Products */;
			projectDirPath = "";
			projectRoot = "";
			targets = (
				509BB4211E3A8EAC001FC417 /* Reflection */,
			);
		};
/* End PBXProject section */

/* Begin PBXResourcesBuildPhase section */
		509BB4201E3A8EAC001FC417 /* Resources */ = {
			isa = PBXResourcesBuildPhase;
			buildActionMask = 2147483647;
			files = (
			);
			runOnlyForDeploymentPostprocessing = 0;
		};
/* End PBXResourcesBuildPhase section */

/* Begin PBXSourcesBuildPhase section */
		509BB41D1E3A8EAC001FC417 /* Sources */ = {
			isa = PBXSourcesBuildPhase;
			buildActionMask = 2147483647;
			files = (
				509BB4631E3A8EF4001FC417 /* ValueWitnessTable.swift in Sources */,
				509BB4601E3A8EF4001FC417 /* Set.swift in Sources */,
				509BB4591E3A8EF4001FC417 /* MetadataType.swift in Sources */,
				509BB44E1E3A8EF4001FC417 /* Any+Extensions.swift in Sources */,
				509BB4541E3A8EF4001FC417 /* Metadata+Class.swift in Sources */,
				509BB45E1E3A8EF4001FC417 /* ReflectionError.swift in Sources */,
				509BB4551E3A8EF4001FC417 /* Metadata+Kind.swift in Sources */,
				509BB45B1E3A8EF4001FC417 /* NominalTypeDescriptor.swift in Sources */,
				509BB4571E3A8EF4001FC417 /* Metadata+Tuple.swift in Sources */,
				509BB4611E3A8EF4001FC417 /* Storage.swift in Sources */,
				509BB4621E3A8EF4001FC417 /* UnsafePointer+Extensions.swift in Sources */,
				509BB4521E3A8EF4001FC417 /* Identity.swift in Sources */,
				509BB44F1E3A8EF4001FC417 /* Array+Extensions.swift in Sources */,
				509BB44D1E3A8EF4001FC417 /* Advance.swift in Sources */,
				509BB4681E3A8EF4001FC417 /* PublicTests.swift in Sources */,
				509BB4501E3A8EF4001FC417 /* Construct.swift in Sources */,
				509BB4641E3A8EF4001FC417 /* LinuxMain.swift in Sources */,
				509BB4511E3A8EF4001FC417 /* Get.swift in Sources */,
				509BB4671E3A8EF4001FC417 /* PerformanceTests.swift in Sources */,
				509BB4661E3A8EF4001FC417 /* MappableTests.swift in Sources */,
				509BB45F1E3A8EF4001FC417 /* RelativePointer.swift in Sources */,
				509BB45D1E3A8EF4001FC417 /* Properties.swift in Sources */,
				509BB45A1E3A8EF4001FC417 /* NominalType.swift in Sources */,
				509BB4531E3A8EF4001FC417 /* MemoryProperties.swift in Sources */,
				509BB4581E3A8EF4001FC417 /* Metadata.swift in Sources */,
				509BB4651E3A8EF4001FC417 /* InternalTests.swift in Sources */,
				509BB4561E3A8EF4001FC417 /* Metadata+Struct.swift in Sources */,
				509BB45C1E3A8EF4001FC417 /* PointerType.swift in Sources */,
			);
			runOnlyForDeploymentPostprocessing = 0;
		};
/* End PBXSourcesBuildPhase section */

/* Begin XCBuildConfiguration section */
		509BB4281E3A8EAC001FC417 /* Debug */ = {
			isa = XCBuildConfiguration;
			buildSettings = {
				ALWAYS_SEARCH_USER_PATHS = NO;
				CLANG_ANALYZER_NONNULL = YES;
				CLANG_CXX_LANGUAGE_STANDARD = "gnu++0x";
				CLANG_CXX_LIBRARY = "libc++";
				CLANG_ENABLE_MODULES = YES;
				CLANG_ENABLE_OBJC_ARC = YES;
				CLANG_WARN_BOOL_CONVERSION = YES;
				CLANG_WARN_CONSTANT_CONVERSION = YES;
				CLANG_WARN_DIRECT_OBJC_ISA_USAGE = YES_ERROR;
				CLANG_WARN_DOCUMENTATION_COMMENTS = YES;
				CLANG_WARN_EMPTY_BODY = YES;
				CLANG_WARN_ENUM_CONVERSION = YES;
				CLANG_WARN_INFINITE_RECURSION = YES;
				CLANG_WARN_INT_CONVERSION = YES;
				CLANG_WARN_OBJC_ROOT_CLASS = YES_ERROR;
				CLANG_WARN_SUSPICIOUS_MOVE = YES;
				CLANG_WARN_UNREACHABLE_CODE = YES;
				CLANG_WARN__DUPLICATE_METHOD_MATCH = YES;
				"CODE_SIGN_IDENTITY[sdk=iphoneos*]" = "iPhone Developer";
				COPY_PHASE_STRIP = NO;
				CURRENT_PROJECT_VERSION = 1;
				DEBUG_INFORMATION_FORMAT = dwarf;
				ENABLE_STRICT_OBJC_MSGSEND = YES;
				ENABLE_TESTABILITY = YES;
				GCC_C_LANGUAGE_STANDARD = gnu99;
				GCC_DYNAMIC_NO_PIC = NO;
				GCC_NO_COMMON_BLOCKS = YES;
				GCC_OPTIMIZATION_LEVEL = 0;
				GCC_PREPROCESSOR_DEFINITIONS = (
					"DEBUG=1",
					"$(inherited)",
				);
				GCC_WARN_64_TO_32_BIT_CONVERSION = YES;
				GCC_WARN_ABOUT_RETURN_TYPE = YES_ERROR;
				GCC_WARN_UNDECLARED_SELECTOR = YES;
				GCC_WARN_UNINITIALIZED_AUTOS = YES_AGGRESSIVE;
				GCC_WARN_UNUSED_FUNCTION = YES;
				GCC_WARN_UNUSED_VARIABLE = YES;
				IPHONEOS_DEPLOYMENT_TARGET = 10.2;
				MTL_ENABLE_DEBUG_INFO = YES;
				ONLY_ACTIVE_ARCH = YES;
				SDKROOT = iphoneos;
				SWIFT_ACTIVE_COMPILATION_CONDITIONS = DEBUG;
				SWIFT_OPTIMIZATION_LEVEL = "-Onone";
				TARGETED_DEVICE_FAMILY = "1,2";
				VERSIONING_SYSTEM = "apple-generic";
				VERSION_INFO_PREFIX = "";
			};
			name = Debug;
		};
		509BB4291E3A8EAC001FC417 /* Release */ = {
			isa = XCBuildConfiguration;
			buildSettings = {
				ALWAYS_SEARCH_USER_PATHS = NO;
				CLANG_ANALYZER_NONNULL = YES;
				CLANG_CXX_LANGUAGE_STANDARD = "gnu++0x";
				CLANG_CXX_LIBRARY = "libc++";
				CLANG_ENABLE_MODULES = YES;
				CLANG_ENABLE_OBJC_ARC = YES;
				CLANG_WARN_BOOL_CONVERSION = YES;
				CLANG_WARN_CONSTANT_CONVERSION = YES;
				CLANG_WARN_DIRECT_OBJC_ISA_USAGE = YES_ERROR;
				CLANG_WARN_DOCUMENTATION_COMMENTS = YES;
				CLANG_WARN_EMPTY_BODY = YES;
				CLANG_WARN_ENUM_CONVERSION = YES;
				CLANG_WARN_INFINITE_RECURSION = YES;
				CLANG_WARN_INT_CONVERSION = YES;
				CLANG_WARN_OBJC_ROOT_CLASS = YES_ERROR;
				CLANG_WARN_SUSPICIOUS_MOVE = YES;
				CLANG_WARN_UNREACHABLE_CODE = YES;
				CLANG_WARN__DUPLICATE_METHOD_MATCH = YES;
				"CODE_SIGN_IDENTITY[sdk=iphoneos*]" = "iPhone Developer";
				COPY_PHASE_STRIP = NO;
				CURRENT_PROJECT_VERSION = 1;
				DEBUG_INFORMATION_FORMAT = "dwarf-with-dsym";
				ENABLE_NS_ASSERTIONS = NO;
				ENABLE_STRICT_OBJC_MSGSEND = YES;
				GCC_C_LANGUAGE_STANDARD = gnu99;
				GCC_NO_COMMON_BLOCKS = YES;
				GCC_WARN_64_TO_32_BIT_CONVERSION = YES;
				GCC_WARN_ABOUT_RETURN_TYPE = YES_ERROR;
				GCC_WARN_UNDECLARED_SELECTOR = YES;
				GCC_WARN_UNINITIALIZED_AUTOS = YES_AGGRESSIVE;
				GCC_WARN_UNUSED_FUNCTION = YES;
				GCC_WARN_UNUSED_VARIABLE = YES;
				IPHONEOS_DEPLOYMENT_TARGET = 10.2;
				MTL_ENABLE_DEBUG_INFO = NO;
				SDKROOT = iphoneos;
				SWIFT_OPTIMIZATION_LEVEL = "-Owholemodule";
				TARGETED_DEVICE_FAMILY = "1,2";
				VALIDATE_PRODUCT = YES;
				VERSIONING_SYSTEM = "apple-generic";
				VERSION_INFO_PREFIX = "";
			};
			name = Release;
		};
		509BB42B1E3A8EAC001FC417 /* Debug */ = {
			isa = XCBuildConfiguration;
			buildSettings = {
				CODE_SIGN_IDENTITY = "";
				DEFINES_MODULE = YES;
				DEVELOPMENT_TEAM = 3YVY2RHHVQ;
				DYLIB_COMPATIBILITY_VERSION = 1;
				DYLIB_CURRENT_VERSION = 1;
				DYLIB_INSTALL_NAME_BASE = "@rpath";
				INFOPLIST_FILE = Reflection/Info.plist;
				INSTALL_PATH = "$(LOCAL_LIBRARY_DIR)/Frameworks";
				LD_RUNPATH_SEARCH_PATHS = "$(inherited) @executable_path/Frameworks @loader_path/Frameworks";
				PRODUCT_BUNDLE_IDENTIFIER = com.zewo.Reflection;
				PRODUCT_NAME = "$(TARGET_NAME)";
				SKIP_INSTALL = YES;
				SWIFT_VERSION = 3.0;
			};
			name = Debug;
		};
		509BB42C1E3A8EAC001FC417 /* Release */ = {
			isa = XCBuildConfiguration;
			buildSettings = {
				CODE_SIGN_IDENTITY = "";
				DEFINES_MODULE = YES;
				DEVELOPMENT_TEAM = 3YVY2RHHVQ;
				DYLIB_COMPATIBILITY_VERSION = 1;
				DYLIB_CURRENT_VERSION = 1;
				DYLIB_INSTALL_NAME_BASE = "@rpath";
				INFOPLIST_FILE = Reflection/Info.plist;
				INSTALL_PATH = "$(LOCAL_LIBRARY_DIR)/Frameworks";
				LD_RUNPATH_SEARCH_PATHS = "$(inherited) @executable_path/Frameworks @loader_path/Frameworks";
				PRODUCT_BUNDLE_IDENTIFIER = com.zewo.Reflection;
				PRODUCT_NAME = "$(TARGET_NAME)";
				SKIP_INSTALL = YES;
				SWIFT_VERSION = 3.0;
			};
			name = Release;
		};
/* End XCBuildConfiguration section */

/* Begin XCConfigurationList section */
		509BB41C1E3A8EAC001FC417 /* Build configuration list for PBXProject "Reflection" */ = {
			isa = XCConfigurationList;
			buildConfigurations = (
				509BB4281E3A8EAC001FC417 /* Debug */,
				509BB4291E3A8EAC001FC417 /* Release */,
			);
			defaultConfigurationIsVisible = 0;
			defaultConfigurationName = Release;
		};
		509BB42A1E3A8EAC001FC417 /* Build configuration list for PBXNativeTarget "Reflection" */ = {
			isa = XCConfigurationList;
			buildConfigurations = (
				509BB42B1E3A8EAC001FC417 /* Debug */,
				509BB42C1E3A8EAC001FC417 /* Release */,
			);
			defaultConfigurationIsVisible = 0;
		};
/* End XCConfigurationList section */
	};
	rootObject = 509BB4191E3A8EAC001FC417 /* Project object */;
}
